
Microsoft Visual Studio Solution File, Format Version 12.00
# Visual Studio 15
VisualStudioVersion = 15.0.28307.329
MinimumVisualStudioVersion = 10.0.40219.1
Project("{FAE04EC0-301F-11D3-BF4B-00C04F79EFBC}") = "Incapsulation-bubblesort", "Incapsulation-bubblesort\Incapsulation-bubblesort.csproj", "{78B001F6-02B9-48D0-8813-0125EB170CAD}"
EndProject
Project("{FAE04EC0-301F-11D3-BF4B-00C04F79EFBC}") = "Incapsulation-bubblesort.tests", "Incapsulation-bubblesort.tests\Incapsulation-bubblesort.tests.csproj", "{FF276BE2-73EF-43BC-A9CB-63EF465A33C8}"
EndProject
Global
	GlobalSection(SolutionConfigurationPlatforms) = preSolution
		Debug|Any CPU = Debug|Any CPU
		Release|Any CPU = Release|Any CPU
	EndGlobalSection
	GlobalSection(ProjectConfigurationPlatforms) = postSolution
		{78B001F6-02B9-48D0-8813-0125EB170CAD}.Debug|Any CPU.ActiveCfg = Debug|Any CPU
		{78B001F6-02B9-48D0-8813-0125EB170CAD}.Debug|Any CPU.Build.0 = Debug|Any CPU
		{78B001F6-02B9-48D0-8813-0125EB170CAD}.Release|Any CPU.ActiveCfg = Release|Any CPU
		{78B001F6-02B9-48D0-8813-0125EB170CAD}.Release|Any CPU.Build.0 = Release|Any CPU
		{FF276BE2-73EF-43BC-A9CB-63EF465A33C8}.Debug|Any CPU.ActiveCfg = Debug|Any CPU
		{FF276BE2-73EF-43BC-A9CB-63EF465A33C8}.Debug|Any CPU.Build.0 = Debug|Any CPU
		{FF276BE2-73EF-43BC-A9CB-63EF465A33C8}.Release|Any CPU.ActiveCfg = Release|Any CPU
		{FF276BE2-73EF-43BC-A9CB-63EF465A33C8}.Release|Any CPU.Build.0 = Release|Any CPU
	EndGlobalSection
	GlobalSection(SolutionProperties) = preSolution
		HideSolutionNode = FALSE
	EndGlobalSection
	GlobalSection(ExtensibilityGlobals) = postSolution
		SolutionGuid = {FA6A5F99-167D-46D8-9EA1-B53ECE45B9B8}
	EndGlobalSection
EndGlobal
