
Microsoft Visual Studio Solution File, Format Version 12.00
# Visual Studio 15
VisualStudioVersion = 15.0.28307.329
MinimumVisualStudioVersion = 10.0.40219.1
Project("{FAE04EC0-301F-11D3-BF4B-00C04F79EFBC}") = "Data Structures", "Data Structures\Data Structures.csproj", "{7FC77D5F-B12D-4529-A8DE-ABD6C4043206}"
EndProject
Project("{FAE04EC0-301F-11D3-BF4B-00C04F79EFBC}") = "DataStructuresTests", "DataStructuresTests\DataStructuresTests.csproj", "{7010C754-2754-452B-9D71-2F69574C91DF}"
EndProject
Global
	GlobalSection(SolutionConfigurationPlatforms) = preSolution
		Debug|Any CPU = Debug|Any CPU
		Release|Any CPU = Release|Any CPU
	EndGlobalSection
	GlobalSection(ProjectConfigurationPlatforms) = postSolution
		{7FC77D5F-B12D-4529-A8DE-ABD6C4043206}.Debug|Any CPU.ActiveCfg = Debug|Any CPU
		{7FC77D5F-B12D-4529-A8DE-ABD6C4043206}.Debug|Any CPU.Build.0 = Debug|Any CPU
		{7FC77D5F-B12D-4529-A8DE-ABD6C4043206}.Release|Any CPU.ActiveCfg = Release|Any CPU
		{7FC77D5F-B12D-4529-A8DE-ABD6C4043206}.Release|Any CPU.Build.0 = Release|Any CPU
		{7010C754-2754-452B-9D71-2F69574C91DF}.Debug|Any CPU.ActiveCfg = Debug|Any CPU
		{7010C754-2754-452B-9D71-2F69574C91DF}.Debug|Any CPU.Build.0 = Debug|Any CPU
		{7010C754-2754-452B-9D71-2F69574C91DF}.Release|Any CPU.ActiveCfg = Release|Any CPU
		{7010C754-2754-452B-9D71-2F69574C91DF}.Release|Any CPU.Build.0 = Release|Any CPU
	EndGlobalSection
	GlobalSection(SolutionProperties) = preSolution
		HideSolutionNode = FALSE
	EndGlobalSection
	GlobalSection(ExtensibilityGlobals) = postSolution
		SolutionGuid = {D2791CBE-1DCE-4749-AFA5-7D02844012CB}
	EndGlobalSection
EndGlobal
