
Microsoft Visual Studio Solution File, Format Version 12.00
# Visual Studio Version 16
VisualStudioVersion = 16.0.29613.14
MinimumVisualStudioVersion = 10.0.40219.1
Project("{FAE04EC0-301F-11D3-BF4B-00C04F79EFBC}") = "LinqHomework", "LinqHomework\LinqHomework.csproj", "{2EF341C4-2E85-4EDC-98EA-8DD1E1C73DC1}"
EndProject
Project("{FAE04EC0-301F-11D3-BF4B-00C04F79EFBC}") = "LinqHomeworkTests", "LinqHomeworkTests\LinqHomeworkTests.csproj", "{ECD4CE77-5E26-4463-8376-3BC98BA968ED}"
EndProject
Global
	GlobalSection(SolutionConfigurationPlatforms) = preSolution
		Debug|Any CPU = Debug|Any CPU
		Release|Any CPU = Release|Any CPU
	EndGlobalSection
	GlobalSection(ProjectConfigurationPlatforms) = postSolution
		{2EF341C4-2E85-4EDC-98EA-8DD1E1C73DC1}.Debug|Any CPU.ActiveCfg = Debug|Any CPU
		{2EF341C4-2E85-4EDC-98EA-8DD1E1C73DC1}.Debug|Any CPU.Build.0 = Debug|Any CPU
		{2EF341C4-2E85-4EDC-98EA-8DD1E1C73DC1}.Release|Any CPU.ActiveCfg = Release|Any CPU
		{2EF341C4-2E85-4EDC-98EA-8DD1E1C73DC1}.Release|Any CPU.Build.0 = Release|Any CPU
		{ECD4CE77-5E26-4463-8376-3BC98BA968ED}.Debug|Any CPU.ActiveCfg = Debug|Any CPU
		{ECD4CE77-5E26-4463-8376-3BC98BA968ED}.Debug|Any CPU.Build.0 = Debug|Any CPU
		{ECD4CE77-5E26-4463-8376-3BC98BA968ED}.Release|Any CPU.ActiveCfg = Release|Any CPU
		{ECD4CE77-5E26-4463-8376-3BC98BA968ED}.Release|Any CPU.Build.0 = Release|Any CPU
	EndGlobalSection
	GlobalSection(SolutionProperties) = preSolution
		HideSolutionNode = FALSE
	EndGlobalSection
	GlobalSection(ExtensibilityGlobals) = postSolution
		SolutionGuid = {52716F6E-1A56-4FC0-A450-EA80291B1341}
	EndGlobalSection
EndGlobal
